
Microsoft Visual Studio Solution File, Format Version 12.00
# Visual Studio 15
VisualStudioVersion = 15.0.28010.2046
MinimumVisualStudioVersion = 10.0.40219.1
Project("{2150E333-8FDC-42A3-9474-1A3956D46DE8}") = "公共层", "公共层", "{5B79A197-9D1A-4465-A08E-B40608A98C59}"
EndProject
Project("{FAE04EC0-301F-11D3-BF4B-00C04F79EFBC}") = "RedisHelper", "RedisHelper\RedisHelper.csproj", "{5235E27A-A79E-42AA-BD2D-D20EF7B353D8}"
EndProject
Project("{FAE04EC0-301F-11D3-BF4B-00C04F79EFBC}") = "UI", "UI\UI.csproj", "{88B52504-9C1F-4637-99FF-885B5848C441}"
EndProject
Project("{FAE04EC0-301F-11D3-BF4B-00C04F79EFBC}") = "ConsoleApp1", "ConsoleApp1\ConsoleApp1.csproj", "{C5502B6B-D8BA-46C5-8F4C-951268022978}"
EndProject
Project("{2150E333-8FDC-42A3-9474-1A3956D46DE8}") = "UI", "UI", "{915485B3-D712-4A93-914D-BFE746258797}"
EndProject
Project("{2150E333-8FDC-42A3-9474-1A3956D46DE8}") = "实体层", "实体层", "{3A9DFC13-1735-49E6-BBE1-5D2F1B575FAE}"
EndProject
Project("{FAE04EC0-301F-11D3-BF4B-00C04F79EFBC}") = "TheOne.Model", "TheOne.Model\TheOne.Model.csproj", "{B38EAFB2-080B-4F29-A613-A628EA7C1FC6}"
EndProject
Project("{2150E333-8FDC-42A3-9474-1A3956D46DE8}") = "数据仓储层", "数据仓储层", "{E9777DD7-E52F-4683-B646-507B5D512040}"
EndProject
Project("{FAE04EC0-301F-11D3-BF4B-00C04F79EFBC}") = "TheOne.IRepository", "TheOne.IRepository\TheOne.IRepository.csproj", "{047CC846-E91A-4FC4-81B0-E79E36D7E9DE}"
EndProject
Project("{FAE04EC0-301F-11D3-BF4B-00C04F79EFBC}") = "TheOne.Repository", "TheOne.Repository\TheOne.Repository.csproj", "{46E66F74-DD18-4433-8BBE-70962F72F5D4}"
EndProject
Project("{2150E333-8FDC-42A3-9474-1A3956D46DE8}") = "业务逻辑层", "业务逻辑层", "{AF9AD7F2-A226-4190-8CB9-30BFECBAEF57}"
EndProject
Project("{FAE04EC0-301F-11D3-BF4B-00C04F79EFBC}") = "TheOne.IServices", "TheOne.IServices\TheOne.IServices.csproj", "{7A3D5174-2656-4A8A-BB6A-7A6C1B0592E4}"
EndProject
Project("{FAE04EC0-301F-11D3-BF4B-00C04F79EFBC}") = "TheOne.Services", "TheOne.Services\TheOne.Services.csproj", "{C350013E-D569-4F13-8E65-11EB30EEE765}"
EndProject
Global
	GlobalSection(SolutionConfigurationPlatforms) = preSolution
		Debug|Any CPU = Debug|Any CPU
		Release|Any CPU = Release|Any CPU
	EndGlobalSection
	GlobalSection(ProjectConfigurationPlatforms) = postSolution
		{5235E27A-A79E-42AA-BD2D-D20EF7B353D8}.Debug|Any CPU.ActiveCfg = Debug|Any CPU
		{5235E27A-A79E-42AA-BD2D-D20EF7B353D8}.Debug|Any CPU.Build.0 = Debug|Any CPU
		{5235E27A-A79E-42AA-BD2D-D20EF7B353D8}.Release|Any CPU.ActiveCfg = Release|Any CPU
		{5235E27A-A79E-42AA-BD2D-D20EF7B353D8}.Release|Any CPU.Build.0 = Release|Any CPU
		{88B52504-9C1F-4637-99FF-885B5848C441}.Debug|Any CPU.ActiveCfg = Debug|Any CPU
		{88B52504-9C1F-4637-99FF-885B5848C441}.Debug|Any CPU.Build.0 = Debug|Any CPU
		{88B52504-9C1F-4637-99FF-885B5848C441}.Release|Any CPU.ActiveCfg = Release|Any CPU
		{88B52504-9C1F-4637-99FF-885B5848C441}.Release|Any CPU.Build.0 = Release|Any CPU
		{C5502B6B-D8BA-46C5-8F4C-951268022978}.Debug|Any CPU.ActiveCfg = Debug|Any CPU
		{C5502B6B-D8BA-46C5-8F4C-951268022978}.Debug|Any CPU.Build.0 = Debug|Any CPU
		{C5502B6B-D8BA-46C5-8F4C-951268022978}.Release|Any CPU.ActiveCfg = Release|Any CPU
		{C5502B6B-D8BA-46C5-8F4C-951268022978}.Release|Any CPU.Build.0 = Release|Any CPU
		{B38EAFB2-080B-4F29-A613-A628EA7C1FC6}.Debug|Any CPU.ActiveCfg = Debug|Any CPU
		{B38EAFB2-080B-4F29-A613-A628EA7C1FC6}.Debug|Any CPU.Build.0 = Debug|Any CPU
		{B38EAFB2-080B-4F29-A613-A628EA7C1FC6}.Release|Any CPU.ActiveCfg = Release|Any CPU
		{B38EAFB2-080B-4F29-A613-A628EA7C1FC6}.Release|Any CPU.Build.0 = Release|Any CPU
		{047CC846-E91A-4FC4-81B0-E79E36D7E9DE}.Debug|Any CPU.ActiveCfg = Debug|Any CPU
		{047CC846-E91A-4FC4-81B0-E79E36D7E9DE}.Debug|Any CPU.Build.0 = Debug|Any CPU
		{047CC846-E91A-4FC4-81B0-E79E36D7E9DE}.Release|Any CPU.ActiveCfg = Release|Any CPU
		{047CC846-E91A-4FC4-81B0-E79E36D7E9DE}.Release|Any CPU.Build.0 = Release|Any CPU
		{46E66F74-DD18-4433-8BBE-70962F72F5D4}.Debug|Any CPU.ActiveCfg = Debug|Any CPU
		{46E66F74-DD18-4433-8BBE-70962F72F5D4}.Debug|Any CPU.Build.0 = Debug|Any CPU
		{46E66F74-DD18-4433-8BBE-70962F72F5D4}.Release|Any CPU.ActiveCfg = Release|Any CPU
		{46E66F74-DD18-4433-8BBE-70962F72F5D4}.Release|Any CPU.Build.0 = Release|Any CPU
		{7A3D5174-2656-4A8A-BB6A-7A6C1B0592E4}.Debug|Any CPU.ActiveCfg = Debug|Any CPU
		{7A3D5174-2656-4A8A-BB6A-7A6C1B0592E4}.Debug|Any CPU.Build.0 = Debug|Any CPU
		{7A3D5174-2656-4A8A-BB6A-7A6C1B0592E4}.Release|Any CPU.ActiveCfg = Release|Any CPU
		{7A3D5174-2656-4A8A-BB6A-7A6C1B0592E4}.Release|Any CPU.Build.0 = Release|Any CPU
		{C350013E-D569-4F13-8E65-11EB30EEE765}.Debug|Any CPU.ActiveCfg = Debug|Any CPU
		{C350013E-D569-4F13-8E65-11EB30EEE765}.Debug|Any CPU.Build.0 = Debug|Any CPU
		{C350013E-D569-4F13-8E65-11EB30EEE765}.Release|Any CPU.ActiveCfg = Release|Any CPU
		{C350013E-D569-4F13-8E65-11EB30EEE765}.Release|Any CPU.Build.0 = Release|Any CPU
	EndGlobalSection
	GlobalSection(SolutionProperties) = preSolution
		HideSolutionNode = FALSE
	EndGlobalSection
	GlobalSection(NestedProjects) = preSolution
		{5235E27A-A79E-42AA-BD2D-D20EF7B353D8} = {5B79A197-9D1A-4465-A08E-B40608A98C59}
		{88B52504-9C1F-4637-99FF-885B5848C441} = {915485B3-D712-4A93-914D-BFE746258797}
		{C5502B6B-D8BA-46C5-8F4C-951268022978} = {915485B3-D712-4A93-914D-BFE746258797}
		{B38EAFB2-080B-4F29-A613-A628EA7C1FC6} = {3A9DFC13-1735-49E6-BBE1-5D2F1B575FAE}
		{047CC846-E91A-4FC4-81B0-E79E36D7E9DE} = {E9777DD7-E52F-4683-B646-507B5D512040}
		{46E66F74-DD18-4433-8BBE-70962F72F5D4} = {E9777DD7-E52F-4683-B646-507B5D512040}
		{7A3D5174-2656-4A8A-BB6A-7A6C1B0592E4} = {AF9AD7F2-A226-4190-8CB9-30BFECBAEF57}
		{C350013E-D569-4F13-8E65-11EB30EEE765} = {AF9AD7F2-A226-4190-8CB9-30BFECBAEF57}
	EndGlobalSection
	GlobalSection(ExtensibilityGlobals) = postSolution
		SolutionGuid = {AD9FDA95-1B16-4AE1-8B4D-4C618B8081DE}
	EndGlobalSection
EndGlobal
